
Microsoft Visual Studio Solution File, Format Version 12.00
# Visual Studio Version 16
VisualStudioVersion = 16.0.30907.101
MinimumVisualStudioVersion = 10.0.40219.1
Project("{FAE04EC0-301F-11D3-BF4B-00C04F79EFBC}") = "PersonalTracking", "PersonalTracking\PersonalTracking.csproj", "{5B2C17B8-AD8C-43BE-A434-5628404BAEFD}"
EndProject
Project("{FAE04EC0-301F-11D3-BF4B-00C04F79EFBC}") = "BLL", "BLL\BLL.csproj", "{1794FCDA-611E-4C87-A2B7-C65078938A7B}"
EndProject
Project("{FAE04EC0-301F-11D3-BF4B-00C04F79EFBC}") = "DAL", "DAL\DAL.csproj", "{2807D19D-BA64-41E1-811C-7F831D84A509}"
EndProject
Global
	GlobalSection(SolutionConfigurationPlatforms) = preSolution
		Debug|Any CPU = Debug|Any CPU
		Release|Any CPU = Release|Any CPU
	EndGlobalSection
	GlobalSection(ProjectConfigurationPlatforms) = postSolution
		{5B2C17B8-AD8C-43BE-A434-5628404BAEFD}.Debug|Any CPU.ActiveCfg = Debug|Any CPU
		{5B2C17B8-AD8C-43BE-A434-5628404BAEFD}.Debug|Any CPU.Build.0 = Debug|Any CPU
		{5B2C17B8-AD8C-43BE-A434-5628404BAEFD}.Release|Any CPU.ActiveCfg = Release|Any CPU
		{5B2C17B8-AD8C-43BE-A434-5628404BAEFD}.Release|Any CPU.Build.0 = Release|Any CPU
		{1794FCDA-611E-4C87-A2B7-C65078938A7B}.Debug|Any CPU.ActiveCfg = Debug|Any CPU
		{1794FCDA-611E-4C87-A2B7-C65078938A7B}.Debug|Any CPU.Build.0 = Debug|Any CPU
		{1794FCDA-611E-4C87-A2B7-C65078938A7B}.Release|Any CPU.ActiveCfg = Release|Any CPU
		{1794FCDA-611E-4C87-A2B7-C65078938A7B}.Release|Any CPU.Build.0 = Release|Any CPU
		{2807D19D-BA64-41E1-811C-7F831D84A509}.Debug|Any CPU.ActiveCfg = Debug|Any CPU
		{2807D19D-BA64-41E1-811C-7F831D84A509}.Debug|Any CPU.Build.0 = Debug|Any CPU
		{2807D19D-BA64-41E1-811C-7F831D84A509}.Release|Any CPU.ActiveCfg = Release|Any CPU
		{2807D19D-BA64-41E1-811C-7F831D84A509}.Release|Any CPU.Build.0 = Release|Any CPU
	EndGlobalSection
	GlobalSection(SolutionProperties) = preSolution
		HideSolutionNode = FALSE
	EndGlobalSection
	GlobalSection(ExtensibilityGlobals) = postSolution
		SolutionGuid = {8F7BDA74-0526-41E0-B9F3-6EDB32266A9F}
	EndGlobalSection
EndGlobal
